# THIS IS AN AUTOGENERATED FILE. DO NOT EDIT THIS FILE DIRECTLY.
# yarn lockfile v1


"@types/framework7@git+https://github.com/JasonKleban/Framework7.d.ts.git#v2":
  version "1.0.1"
  resolved "git+https://github.com/JasonKleban/Framework7.d.ts.git#2c4ab2e2aecb8724d6997ddb71db9a8634a08ed1"

vue@^2.5.13:
  version "2.5.13"
  resolved "https://registry.yarnpkg.com/vue/-/vue-2.5.13.tgz#95bd31e20efcf7a7f39239c9aa6787ce8cf578e1"
